// !$*UTF8*$!
{
	archiveVersion = 1;
	classes = {
	};
	objectVersion = 50;
	objects = {

/* Begin PBXBuildFile section */
		25E6D7C821483B1A0088D8AF /* AppDelegate.swift in Sources */ = {isa = PBXBuildFile; fileRef = 25E6D7C721483B1A0088D8AF /* AppDelegate.swift */; };
		25E6D7CA21483B1A0088D8AF /* ViewController.swift in Sources */ = {isa = PBXBuildFile; fileRef = 25E6D7C921483B1A0088D8AF /* ViewController.swift */; };
		25E6D7CD21483B1A0088D8AF /* Main.storyboard in Resources */ = {isa = PBXBuildFile; fileRef = 25E6D7CB21483B1A0088D8AF /* Main.storyboard */; };
		25E6D7CF21483B1B0088D8AF /* Assets.xcassets in Resources */ = {isa = PBXBuildFile; fileRef = 25E6D7CE21483B1B0088D8AF /* Assets.xcassets */; };
		25E6D7D221483B1B0088D8AF /* LaunchScreen.storyboard in Resources */ = {isa = PBXBuildFile; fileRef = 25E6D7D021483B1B0088D8AF /* LaunchScreen.storyboard */; };
		25E6D7DD21483B1B0088D8AF /* PokedexTests.swift in Sources */ = {isa = PBXBuildFile; fileRef = 25E6D7DC21483B1B0088D8AF /* PokedexTests.swift */; };
		25E6D7E821483B1B0088D8AF /* PokedexUITests.swift in Sources */ = {isa = PBXBuildFile; fileRef = 25E6D7E721483B1B0088D8AF /* PokedexUITests.swift */; };
/* End PBXBuildFile section */

/* Begin PBXContainerItemProxy section */
		25E6D7D921483B1B0088D8AF /* PBXContainerItemProxy */ = {
			isa = PBXContainerItemProxy;
			containerPortal = 25E6D7BC21483B1A0088D8AF /* Project object */;
			proxyType = 1;
			remoteGlobalIDString = 25E6D7C321483B1A0088D8AF;
			remoteInfo = Pokedex;
		};
		25E6D7E421483B1B0088D8AF /* PBXContainerItemProxy */ = {
			isa = PBXContainerItemProxy;
			containerPortal = 25E6D7BC21483B1A0088D8AF /* Project object */;
			proxyType = 1;
			remoteGlobalIDString = 25E6D7C321483B1A0088D8AF;
			remoteInfo = Pokedex;
		};
/* End PBXContainerItemProxy section */

/* Begin PBXFileReference section */
		25E6D7C421483B1A0088D8AF /* Pokedex.app */ = {isa = PBXFileReference; explicitFileType = wrapper.application; includeInIndex = 0; path = Pokedex.app; sourceTree = BUILT_PRODUCTS_DIR; };
		25E6D7C721483B1A0088D8AF /* AppDelegate.swift */ = {isa = PBXFileReference; lastKnownFileType = sourcecode.swift; path = AppDelegate.swift; sourceTree = "<group>"; };
		25E6D7C921483B1A0088D8AF /* ViewController.swift */ = {isa = PBXFileReference; lastKnownFileType = sourcecode.swift; path = ViewController.swift; sourceTree = "<group>"; };
		25E6D7CC21483B1A0088D8AF /* Base */ = {isa = PBXFileReference; lastKnownFileType = file.storyboard; name = Base; path = Base.lproj/Main.storyboard; sourceTree = "<group>"; };
		25E6D7CE21483B1B0088D8AF /* Assets.xcassets */ = {isa = PBXFileReference; lastKnownFileType = folder.assetcatalog; path = Assets.xcassets; sourceTree = "<group>"; };
		25E6D7D121483B1B0088D8AF /* Base */ = {isa = PBXFileReference; lastKnownFileType = file.storyboard; name = Base; path = Base.lproj/LaunchScreen.storyboard; sourceTree = "<group>"; };
		25E6D7D321483B1B0088D8AF /* Info.plist */ = {isa = PBXFileReference; lastKnownFileType = text.plist.xml; path = Info.plist; sourceTree = "<group>"; };
		25E6D7D821483B1B0088D8AF /* PokedexTests.xctest */ = {isa = PBXFileReference; explicitFileType = wrapper.cfbundle; includeInIndex = 0; path = PokedexTests.xctest; sourceTree = BUILT_PRODUCTS_DIR; };
		25E6D7DC21483B1B0088D8AF /* PokedexTests.swift */ = {isa = PBXFileReference; lastKnownFileType = sourcecode.swift; path = PokedexTests.swift; sourceTree = "<group>"; };
		25E6D7DE21483B1B0088D8AF /* Info.plist */ = {isa = PBXFileReference; lastKnownFileType = text.plist.xml; path = Info.plist; sourceTree = "<group>"; };
		25E6D7E321483B1B0088D8AF /* PokedexUITests.xctest */ = {isa = PBXFileReference; explicitFileType = wrapper.cfbundle; includeInIndex = 0; path = PokedexUITests.xctest; sourceTree = BUILT_PRODUCTS_DIR; };
		25E6D7E721483B1B0088D8AF /* PokedexUITests.swift */ = {isa = PBXFileReference; lastKnownFileType = sourcecode.swift; path = PokedexUITests.swift; sourceTree = "<group>"; };
		25E6D7E921483B1B0088D8AF /* Info.plist */ = {isa = PBXFileReference; lastKnownFileType = text.plist.xml; path = Info.plist; sourceTree = "<group>"; };
/* End PBXFileReference section */

/* Begin PBXFrameworksBuildPhase section */
		25E6D7C121483B1A0088D8AF /* Frameworks */ = {
			isa = PBXFrameworksBuildPhase;
			buildActionMask = 2147483647;
			files = (
			);
			runOnlyForDeploymentPostprocessing = 0;
		};
		25E6D7D521483B1B0088D8AF /* Frameworks */ = {
			isa = PBXFrameworksBuildPhase;
			buildActionMask = 2147483647;
			files = (
			);
			runOnlyForDeploymentPostprocessing = 0;
		};
		25E6D7E021483B1B0088D8AF /* Frameworks */ = {
			isa = PBXFrameworksBuildPhase;
			buildActionMask = 2147483647;
			files = (
			);
			runOnlyForDeploymentPostprocessing = 0;
		};
/* End PBXFrameworksBuildPhase section */

/* Begin PBXGroup section */
		25E6D7BB21483B1A0088D8AF = {
			isa = PBXGroup;
			children = (
				25E6D7C621483B1A0088D8AF /* Pokedex */,
				25E6D7DB21483B1B0088D8AF /* PokedexTests */,
				25E6D7E621483B1B0088D8AF /* PokedexUITests */,
				25E6D7C521483B1A0088D8AF /* Products */,
			);
			sourceTree = "<group>";
		};
		25E6D7C521483B1A0088D8AF /* Products */ = {
			isa = PBXGroup;
			children = (
				25E6D7C421483B1A0088D8AF /* Pokedex.app */,
				25E6D7D821483B1B0088D8AF /* PokedexTests.xctest */,
				25E6D7E321483B1B0088D8AF /* PokedexUITests.xctest */,
			);
			name = Products;
			sourceTree = "<group>";
		};
		25E6D7C621483B1A0088D8AF /* Pokedex */ = {
			isa = PBXGroup;
			children = (
				25E6D7C721483B1A0088D8AF /* AppDelegate.swift */,
				25E6D7C921483B1A0088D8AF /* ViewController.swift */,
				25E6D7CB21483B1A0088D8AF /* Main.storyboard */,
				25E6D7CE21483B1B0088D8AF /* Assets.xcassets */,
				25E6D7D021483B1B0088D8AF /* LaunchScreen.storyboard */,
				25E6D7D321483B1B0088D8AF /* Info.plist */,
			);
			path = Pokedex;
			sourceTree = "<group>";
		};
		25E6D7DB21483B1B0088D8AF /* PokedexTests */ = {
			isa = PBXGroup;
			children = (
				25E6D7DC21483B1B0088D8AF /* PokedexTests.swift */,
				25E6D7DE21483B1B0088D8AF /* Info.plist */,
			);
			path = PokedexTests;
			sourceTree = "<group>";
		};
		25E6D7E621483B1B0088D8AF /* PokedexUITests */ = {
			isa = PBXGroup;
			children = (
				25E6D7E721483B1B0088D8AF /* PokedexUITests.swift */,
				25E6D7E921483B1B0088D8AF /* Info.plist */,
			);
			path = PokedexUITests;
			sourceTree = "<group>";
		};
/* End PBXGroup section */

/* Begin PBXNativeTarget section */
		25E6D7C321483B1A0088D8AF /* Pokedex */ = {
			isa = PBXNativeTarget;
			buildConfigurationList = 25E6D7EC21483B1B0088D8AF /* Build configuration list for PBXNativeTarget "Pokedex" */;
			buildPhases = (
				25E6D7C021483B1A0088D8AF /* Sources */,
				25E6D7C121483B1A0088D8AF /* Frameworks */,
				25E6D7C221483B1A0088D8AF /* Resources */,
			);
			buildRules = (
			);
			dependencies = (
			);
			name = Pokedex;
			productName = Pokedex;
			productReference = 25E6D7C421483B1A0088D8AF /* Pokedex.app */;
			productType = "com.apple.product-type.application";
		};
		25E6D7D721483B1B0088D8AF /* PokedexTests */ = {
			isa = PBXNativeTarget;
			buildConfigurationList = 25E6D7EF21483B1B0088D8AF /* Build configuration list for PBXNativeTarget "PokedexTests" */;
			buildPhases = (
				25E6D7D421483B1B0088D8AF /* Sources */,
				25E6D7D521483B1B0088D8AF /* Frameworks */,
				25E6D7D621483B1B0088D8AF /* Resources */,
			);
			buildRules = (
			);
			dependencies = (
				25E6D7DA21483B1B0088D8AF /* PBXTargetDependency */,
			);
			name = PokedexTests;
			productName = PokedexTests;
			productReference = 25E6D7D821483B1B0088D8AF /* PokedexTests.xctest */;
			productType = "com.apple.product-type.bundle.unit-test";
		};
		25E6D7E221483B1B0088D8AF /* PokedexUITests */ = {
			isa = PBXNativeTarget;
			buildConfigurationList = 25E6D7F221483B1B0088D8AF /* Build configuration list for PBXNativeTarget "PokedexUITests" */;
			buildPhases = (
				25E6D7DF21483B1B0088D8AF /* Sources */,
				25E6D7E021483B1B0088D8AF /* Frameworks */,
				25E6D7E121483B1B0088D8AF /* Resources */,
			);
			buildRules = (
			);
			dependencies = (
				25E6D7E521483B1B0088D8AF /* PBXTargetDependency */,
			);
			name = PokedexUITests;
			productName = PokedexUITests;
			productReference = 25E6D7E321483B1B0088D8AF /* PokedexUITests.xctest */;
			productType = "com.apple.product-type.bundle.ui-testing";
		};
/* End PBXNativeTarget section */

/* Begin PBXProject section */
		25E6D7BC21483B1A0088D8AF /* Project object */ = {
			isa = PBXProject;
			attributes = {
				LastSwiftUpdateCheck = 0940;
				LastUpgradeCheck = 0940;
				ORGANIZATIONNAME = "Andrés Medrano";
				TargetAttributes = {
					25E6D7C321483B1A0088D8AF = {
						CreatedOnToolsVersion = 9.4.1;
					};
					25E6D7D721483B1B0088D8AF = {
						CreatedOnToolsVersion = 9.4.1;
						TestTargetID = 25E6D7C321483B1A0088D8AF;
					};
					25E6D7E221483B1B0088D8AF = {
						CreatedOnToolsVersion = 9.4.1;
						TestTargetID = 25E6D7C321483B1A0088D8AF;
					};
				};
			};
			buildConfigurationList = 25E6D7BF21483B1A0088D8AF /* Build configuration list for PBXProject "Pokedex" */;
			compatibilityVersion = "Xcode 9.3";
			developmentRegion = en;
			hasScannedForEncodings = 0;
			knownRegions = (
				en,
				Base,
			);
			mainGroup = 25E6D7BB21483B1A0088D8AF;
			productRefGroup = 25E6D7C521483B1A0088D8AF /* Products */;
			projectDirPath = "";
			projectRoot = "";
			targets = (
				25E6D7C321483B1A0088D8AF /* Pokedex */,
				25E6D7D721483B1B0088D8AF /* PokedexTests */,
				25E6D7E221483B1B0088D8AF /* PokedexUITests */,
			);
		};
/* End PBXProject section */

/* Begin PBXResourcesBuildPhase section */
		25E6D7C221483B1A0088D8AF /* Resources */ = {
			isa = PBXResourcesBuildPhase;
			buildActionMask = 2147483647;
			files = (
				25E6D7D221483B1B0088D8AF /* LaunchScreen.storyboard in Resources */,
				25E6D7CF21483B1B0088D8AF /* Assets.xcassets in Resources */,
				25E6D7CD21483B1A0088D8AF /* Main.storyboard in Resources */,
			);
			runOnlyForDeploymentPostprocessing = 0;
		};
		25E6D7D621483B1B0088D8AF /* Resources */ = {
			isa = PBXResourcesBuildPhase;
			buildActionMask = 2147483647;
			files = (
			);
			runOnlyForDeploymentPostprocessing = 0;
		};
		25E6D7E121483B1B0088D8AF /* Resources */ = {
			isa = PBXResourcesBuildPhase;
			buildActionMask = 2147483647;
			files = (
			);
			runOnlyForDeploymentPostprocessing = 0;
		};
/* End PBXResourcesBuildPhase section */

/* Begin PBXSourcesBuildPhase section */
		25E6D7C021483B1A0088D8AF /* Sources */ = {
			isa = PBXSourcesBuildPhase;
			buildActionMask = 2147483647;
			files = (
				25E6D7CA21483B1A0088D8AF /* ViewController.swift in Sources */,
				25E6D7C821483B1A0088D8AF /* AppDelegate.swift in Sources */,
			);
			runOnlyForDeploymentPostprocessing = 0;
		};
		25E6D7D421483B1B0088D8AF /* Sources */ = {
			isa = PBXSourcesBuildPhase;
			buildActionMask = 2147483647;
			files = (
				25E6D7DD21483B1B0088D8AF /* PokedexTests.swift in Sources */,
			);
			runOnlyForDeploymentPostprocessing = 0;
		};
		25E6D7DF21483B1B0088D8AF /* Sources */ = {
			isa = PBXSourcesBuildPhase;
			buildActionMask = 2147483647;
			files = (
				25E6D7E821483B1B0088D8AF /* PokedexUITests.swift in Sources */,
			);
			runOnlyForDeploymentPostprocessing = 0;
		};
/* End PBXSourcesBuildPhase section */

/* Begin PBXTargetDependency section */
		25E6D7DA21483B1B0088D8AF /* PBXTargetDependency */ = {
			isa = PBXTargetDependency;
			target = 25E6D7C321483B1A0088D8AF /* Pokedex */;
			targetProxy = 25E6D7D921483B1B0088D8AF /* PBXContainerItemProxy */;
		};
		25E6D7E521483B1B0088D8AF /* PBXTargetDependency */ = {
			isa = PBXTargetDependency;
			target = 25E6D7C321483B1A0088D8AF /* Pokedex */;
			targetProxy = 25E6D7E421483B1B0088D8AF /* PBXContainerItemProxy */;
		};
/* End PBXTargetDependency section */

/* Begin PBXVariantGroup section */
		25E6D7CB21483B1A0088D8AF /* Main.storyboard */ = {
			isa = PBXVariantGroup;
			children = (
				25E6D7CC21483B1A0088D8AF /* Base */,
			);
			name = Main.storyboard;
			sourceTree = "<group>";
		};
		25E6D7D021483B1B0088D8AF /* LaunchScreen.storyboard */ = {
			isa = PBXVariantGroup;
			children = (
				25E6D7D121483B1B0088D8AF /* Base */,
			);
			name = LaunchScreen.storyboard;
			sourceTree = "<group>";
		};
/* End PBXVariantGroup section */

/* Begin XCBuildConfiguration section */
		25E6D7EA21483B1B0088D8AF /* Debug */ = {
			isa = XCBuildConfiguration;
			buildSettings = {
				ALWAYS_SEARCH_USER_PATHS = NO;
				CLANG_ANALYZER_NONNULL = YES;
				CLANG_ANALYZER_NUMBER_OBJECT_CONVERSION = YES_AGGRESSIVE;
				CLANG_CXX_LANGUAGE_STANDARD = "gnu++14";
				CLANG_CXX_LIBRARY = "libc++";
				CLANG_ENABLE_MODULES = YES;
				CLANG_ENABLE_OBJC_ARC = YES;
				CLANG_ENABLE_OBJC_WEAK = YES;
				CLANG_WARN_BLOCK_CAPTURE_AUTORELEASING = YES;
				CLANG_WARN_BOOL_CONVERSION = YES;
				CLANG_WARN_COMMA = YES;
				CLANG_WARN_CONSTANT_CONVERSION = YES;
				CLANG_WARN_DEPRECATED_OBJC_IMPLEMENTATIONS = YES;
				CLANG_WARN_DIRECT_OBJC_ISA_USAGE = YES_ERROR;
				CLANG_WARN_DOCUMENTATION_COMMENTS = YES;
				CLANG_WARN_EMPTY_BODY = YES;
				CLANG_WARN_ENUM_CONVERSION = YES;
				CLANG_WARN_INFINITE_RECURSION = YES;
				CLANG_WARN_INT_CONVERSION = YES;
				CLANG_WARN_NON_LITERAL_NULL_CONVERSION = YES;
				CLANG_WARN_OBJC_IMPLICIT_RETAIN_SELF = YES;
				CLANG_WARN_OBJC_LITERAL_CONVERSION = YES;
				CLANG_WARN_OBJC_ROOT_CLASS = YES_ERROR;
				CLANG_WARN_RANGE_LOOP_ANALYSIS = YES;
				CLANG_WARN_STRICT_PROTOTYPES = YES;
				CLANG_WARN_SUSPICIOUS_MOVE = YES;
				CLANG_WARN_UNGUARDED_AVAILABILITY = YES_AGGRESSIVE;
				CLANG_WARN_UNREACHABLE_CODE = YES;
				CLANG_WARN__DUPLICATE_METHOD_MATCH = YES;
				CODE_SIGN_IDENTITY = "iPhone Developer";
				COPY_PHASE_STRIP = NO;
				DEBUG_INFORMATION_FORMAT = dwarf;
				ENABLE_STRICT_OBJC_MSGSEND = YES;
				ENABLE_TESTABILITY = YES;
				GCC_C_LANGUAGE_STANDARD = gnu11;
				GCC_DYNAMIC_NO_PIC = NO;
				GCC_NO_COMMON_BLOCKS = YES;
				GCC_OPTIMIZATION_LEVEL = 0;
				GCC_PREPROCESSOR_DEFINITIONS = (
					"DEBUG=1",
					"$(inherited)",
				);
				GCC_WARN_64_TO_32_BIT_CONVERSION = YES;
				GCC_WARN_ABOUT_RETURN_TYPE = YES_ERROR;
				GCC_WARN_UNDECLARED_SELECTOR = YES;
				GCC_WARN_UNINITIALIZED_AUTOS = YES_AGGRESSIVE;
				GCC_WARN_UNUSED_FUNCTION = YES;
				GCC_WARN_UNUSED_VARIABLE = YES;
				IPHONEOS_DEPLOYMENT_TARGET = 11.4;
				MTL_ENABLE_DEBUG_INFO = YES;
				ONLY_ACTIVE_ARCH = YES;
				SDKROOT = iphoneos;
				SWIFT_ACTIVE_COMPILATION_CONDITIONS = DEBUG;
				SWIFT_OPTIMIZATION_LEVEL = "-Onone";
			};
			name = Debug;
		};
		25E6D7EB21483B1B0088D8AF /* Release */ = {
			isa = XCBuildConfiguration;
			buildSettings = {
				ALWAYS_SEARCH_USER_PATHS = NO;
				CLANG_ANALYZER_NONNULL = YES;
				CLANG_ANALYZER_NUMBER_OBJECT_CONVERSION = YES_AGGRESSIVE;
				CLANG_CXX_LANGUAGE_STANDARD = "gnu++14";
				CLANG_CXX_LIBRARY = "libc++";
				CLANG_ENABLE_MODULES = YES;
				CLANG_ENABLE_OBJC_ARC = YES;
				CLANG_ENABLE_OBJC_WEAK = YES;
				CLANG_WARN_BLOCK_CAPTURE_AUTORELEASING = YES;
				CLANG_WARN_BOOL_CONVERSION = YES;
				CLANG_WARN_COMMA = YES;
				CLANG_WARN_CONSTANT_CONVERSION = YES;
				CLANG_WARN_DEPRECATED_OBJC_IMPLEMENTATIONS = YES;
				CLANG_WARN_DIRECT_OBJC_ISA_USAGE = YES_ERROR;
				CLANG_WARN_DOCUMENTATION_COMMENTS = YES;
				CLANG_WARN_EMPTY_BODY = YES;
				CLANG_WARN_ENUM_CONVERSION = YES;
				CLANG_WARN_INFINITE_RECURSION = YES;
				CLANG_WARN_INT_CONVERSION = YES;
				CLANG_WARN_NON_LITERAL_NULL_CONVERSION = YES;
				CLANG_WARN_OBJC_IMPLICIT_RETAIN_SELF = YES;
				CLANG_WARN_OBJC_LITERAL_CONVERSION = YES;
				CLANG_WARN_OBJC_ROOT_CLASS = YES_ERROR;
				CLANG_WARN_RANGE_LOOP_ANALYSIS = YES;
				CLANG_WARN_STRICT_PROTOTYPES = YES;
				CLANG_WARN_SUSPICIOUS_MOVE = YES;
				CLANG_WARN_UNGUARDED_AVAILABILITY = YES_AGGRESSIVE;
				CLANG_WARN_UNREACHABLE_CODE = YES;
				CLANG_WARN__DUPLICATE_METHOD_MATCH = YES;
				CODE_SIGN_IDENTITY = "iPhone Developer";
				COPY_PHASE_STRIP = NO;
				DEBUG_INFORMATION_FORMAT = "dwarf-with-dsym";
				ENABLE_NS_ASSERTIONS = NO;
				ENABLE_STRICT_OBJC_MSGSEND = YES;
				GCC_C_LANGUAGE_STANDARD = gnu11;
				GCC_NO_COMMON_BLOCKS = YES;
				GCC_WARN_64_TO_32_BIT_CONVERSION = YES;
				GCC_WARN_ABOUT_RETURN_TYPE = YES_ERROR;
				GCC_WARN_UNDECLARED_SELECTOR = YES;
				GCC_WARN_UNINITIALIZED_AUTOS = YES_AGGRESSIVE;
				GCC_WARN_UNUSED_FUNCTION = YES;
				GCC_WARN_UNUSED_VARIABLE = YES;
				IPHONEOS_DEPLOYMENT_TARGET = 11.4;
				MTL_ENABLE_DEBUG_INFO = NO;
				SDKROOT = iphoneos;
				SWIFT_COMPILATION_MODE = wholemodule;
				SWIFT_OPTIMIZATION_LEVEL = "-O";
				VALIDATE_PRODUCT = YES;
			};
			name = Release;
		};
		25E6D7ED21483B1B0088D8AF /* Debug */ = {
			isa = XCBuildConfiguration;
			buildSettings = {
				ASSETCATALOG_COMPILER_APPICON_NAME = AppIcon;
				CODE_SIGN_STYLE = Automatic;
				DEVELOPMENT_TEAM = 9KRK755678;
				INFOPLIST_FILE = Pokedex/Info.plist;
				LD_RUNPATH_SEARCH_PATHS = (
					"$(inherited)",
					"@executable_path/Frameworks",
				);
				PRODUCT_BUNDLE_IDENTIFIER = MDB.Pokedex;
				PRODUCT_NAME = "$(TARGET_NAME)";
				SWIFT_VERSION = 4.0;
				TARGETED_DEVICE_FAMILY = "1,2";
			};
			name = Debug;
		};
		25E6D7EE21483B1B0088D8AF /* Release */ = {
			isa = XCBuildConfiguration;
			buildSettings = {
				ASSETCATALOG_COMPILER_APPICON_NAME = AppIcon;
				CODE_SIGN_STYLE = Automatic;
				DEVELOPMENT_TEAM = 9KRK755678;
				INFOPLIST_FILE = Pokedex/Info.plist;
				LD_RUNPATH_SEARCH_PATHS = (
					"$(inherited)",
					"@executable_path/Frameworks",
				);
				PRODUCT_BUNDLE_IDENTIFIER = MDB.Pokedex;
				PRODUCT_NAME = "$(TARGET_NAME)";
				SWIFT_VERSION = 4.0;
				TARGETED_DEVICE_FAMILY = "1,2";
			};
			name = Release;
		};
		25E6D7F021483B1B0088D8AF /* Debug */ = {
			isa = XCBuildConfiguration;
			buildSettings = {
				ALWAYS_EMBED_SWIFT_STANDARD_LIBRARIES = YES;
				BUNDLE_LOADER = "$(TEST_HOST)";
				CODE_SIGN_STYLE = Automatic;
				DEVELOPMENT_TEAM = 9KRK755678;
				INFOPLIST_FILE = PokedexTests/Info.plist;
				LD_RUNPATH_SEARCH_PATHS = (
					"$(inherited)",
					"@executable_path/Frameworks",
					"@loader_path/Frameworks",
				);
				PRODUCT_BUNDLE_IDENTIFIER = MDB.PokedexTests;
				PRODUCT_NAME = "$(TARGET_NAME)";
				SWIFT_VERSION = 4.0;
				TARGETED_DEVICE_FAMILY = "1,2";
				TEST_HOST = "$(BUILT_PRODUCTS_DIR)/Pokedex.app/Pokedex";
			};
			name = Debug;
		};
		25E6D7F121483B1B0088D8AF /* Release */ = {
			isa = XCBuildConfiguration;
			buildSettings = {
				ALWAYS_EMBED_SWIFT_STANDARD_LIBRARIES = YES;
				BUNDLE_LOADER = "$(TEST_HOST)";
				CODE_SIGN_STYLE = Automatic;
				DEVELOPMENT_TEAM = 9KRK755678;
				INFOPLIST_FILE = PokedexTests/Info.plist;
				LD_RUNPATH_SEARCH_PATHS = (
					"$(inherited)",
					"@executable_path/Frameworks",
					"@loader_path/Frameworks",
				);
				PRODUCT_BUNDLE_IDENTIFIER = MDB.PokedexTests;
				PRODUCT_NAME = "$(TARGET_NAME)";
				SWIFT_VERSION = 4.0;
				TARGETED_DEVICE_FAMILY = "1,2";
				TEST_HOST = "$(BUILT_PRODUCTS_DIR)/Pokedex.app/Pokedex";
			};
			name = Release;
		};
		25E6D7F321483B1B0088D8AF /* Debug */ = {
			isa = XCBuildConfiguration;
			buildSettings = {
				ALWAYS_EMBED_SWIFT_STANDARD_LIBRARIES = YES;
				CODE_SIGN_STYLE = Automatic;
				DEVELOPMENT_TEAM = 9KRK755678;
				INFOPLIST_FILE = PokedexUITests/Info.plist;
				LD_RUNPATH_SEARCH_PATHS = (
					"$(inherited)",
					"@executable_path/Frameworks",
					"@loader_path/Frameworks",
				);
				PRODUCT_BUNDLE_IDENTIFIER = MDB.PokedexUITests;
				PRODUCT_NAME = "$(TARGET_NAME)";
				SWIFT_VERSION = 4.0;
				TARGETED_DEVICE_FAMILY = "1,2";
				TEST_TARGET_NAME = Pokedex;
			};
			name = Debug;
		};
		25E6D7F421483B1B0088D8AF /* Release */ = {
			isa = XCBuildConfiguration;
			buildSettings = {
				ALWAYS_EMBED_SWIFT_STANDARD_LIBRARIES = YES;
				CODE_SIGN_STYLE = Automatic;
				DEVELOPMENT_TEAM = 9KRK755678;
				INFOPLIST_FILE = PokedexUITests/Info.plist;
				LD_RUNPATH_SEARCH_PATHS = (
					"$(inherited)",
					"@executable_path/Frameworks",
					"@loader_path/Frameworks",
				);
				PRODUCT_BUNDLE_IDENTIFIER = MDB.PokedexUITests;
				PRODUCT_NAME = "$(TARGET_NAME)";
				SWIFT_VERSION = 4.0;
				TARGETED_DEVICE_FAMILY = "1,2";
				TEST_TARGET_NAME = Pokedex;
			};
			name = Release;
		};
/* End XCBuildConfiguration section */

/* Begin XCConfigurationList section */
		25E6D7BF21483B1A0088D8AF /* Build configuration list for PBXProject "Pokedex" */ = {
			isa = XCConfigurationList;
			buildConfigurations = (
				25E6D7EA21483B1B0088D8AF /* Debug */,
				25E6D7EB21483B1B0088D8AF /* Release */,
			);
			defaultConfigurationIsVisible = 0;
			defaultConfigurationName = Release;
		};
		25E6D7EC21483B1B0088D8AF /* Build configuration list for PBXNativeTarget "Pokedex" */ = {
			isa = XCConfigurationList;
			buildConfigurations = (
				25E6D7ED21483B1B0088D8AF /* Debug */,
				25E6D7EE21483B1B0088D8AF /* Release */,
			);
			defaultConfigurationIsVisible = 0;
			defaultConfigurationName = Release;
		};
		25E6D7EF21483B1B0088D8AF /* Build configuration list for PBXNativeTarget "PokedexTests" */ = {
			isa = XCConfigurationList;
			buildConfigurations = (
				25E6D7F021483B1B0088D8AF /* Debug */,
				25E6D7F121483B1B0088D8AF /* Release */,
			);
			defaultConfigurationIsVisible = 0;
			defaultConfigurationName = Release;
		};
		25E6D7F221483B1B0088D8AF /* Build configuration list for PBXNativeTarget "PokedexUITests" */ = {
			isa = XCConfigurationList;
			buildConfigurations = (
				25E6D7F321483B1B0088D8AF /* Debug */,
				25E6D7F421483B1B0088D8AF /* Release */,
			);
			defaultConfigurationIsVisible = 0;
			defaultConfigurationName = Release;
		};
/* End XCConfigurationList section */
	};
	rootObject = 25E6D7BC21483B1A0088D8AF /* Project object */;
}
